
Microsoft Visual Studio Solution File, Format Version 12.00
# Visual Studio Version 17
VisualStudioVersion = 17.14.36212.18
MinimumVisualStudioVersion = 10.0.40219.1
Project("{FAE04EC0-301F-11D3-BF4B-00C04F79EFBC}") = "ARAS.Blazor", "ARAS.Blazor\ARAS.Blazor.csproj", "{31AEAFC9-D489-12A2-9ECF-BDFB3D1EA86E}"
EndProject
Project("{FAE04EC0-301F-11D3-BF4B-00C04F79EFBC}") = "ARAS.Main.Oracle.Api", "ARAS.Main.Oracle.Api\ARAS.Main.Oracle.Api.csproj", "{B58043FF-4F34-4BCC-B655-885D3C1D579B}"
EndProject
Project("{FAE04EC0-301F-11D3-BF4B-00C04F79EFBC}") = "ARAS.Main.SSMS.Api", "ARAS.Main.SSMS.Api\ARAS.Main.SSMS.Api.csproj", "{7EC2B333-1AA8-43A3-B853-A79E9C429273}"
EndProject
Project("{FAE04EC0-301F-11D3-BF4B-00C04F79EFBC}") = "ARAS.Gateway", "ARAS.Gateway\ARAS.Gateway.csproj", "{D4DA74EA-CB35-4A5E-AE64-294244E30760}"
EndProject
Project("{FAE04EC0-301F-11D3-BF4B-00C04F79EFBC}") = "ARAS.OracleSync.Worker", "ARAS.OracleSync.Worker\ARAS.OracleSync.Worker.csproj", "{4755A2D6-1F43-49CB-A082-36CAC5773143}"
EndProject
Global
	GlobalSection(SolutionConfigurationPlatforms) = preSolution
		Debug|Any CPU = Debug|Any CPU
		Release|Any CPU = Release|Any CPU
	EndGlobalSection
	GlobalSection(ProjectConfigurationPlatforms) = postSolution
		{31AEAFC9-D489-12A2-9ECF-BDFB3D1EA86E}.Debug|Any CPU.ActiveCfg = Debug|Any CPU
		{31AEAFC9-D489-12A2-9ECF-BDFB3D1EA86E}.Debug|Any CPU.Build.0 = Debug|Any CPU
		{31AEAFC9-D489-12A2-9ECF-BDFB3D1EA86E}.Release|Any CPU.ActiveCfg = Release|Any CPU
		{31AEAFC9-D489-12A2-9ECF-BDFB3D1EA86E}.Release|Any CPU.Build.0 = Release|Any CPU
		{B58043FF-4F34-4BCC-B655-885D3C1D579B}.Debug|Any CPU.ActiveCfg = Debug|Any CPU
		{B58043FF-4F34-4BCC-B655-885D3C1D579B}.Debug|Any CPU.Build.0 = Debug|Any CPU
		{B58043FF-4F34-4BCC-B655-885D3C1D579B}.Release|Any CPU.ActiveCfg = Release|Any CPU
		{B58043FF-4F34-4BCC-B655-885D3C1D579B}.Release|Any CPU.Build.0 = Release|Any CPU
		{7EC2B333-1AA8-43A3-B853-A79E9C429273}.Debug|Any CPU.ActiveCfg = Debug|Any CPU
		{7EC2B333-1AA8-43A3-B853-A79E9C429273}.Debug|Any CPU.Build.0 = Debug|Any CPU
		{7EC2B333-1AA8-43A3-B853-A79E9C429273}.Release|Any CPU.ActiveCfg = Release|Any CPU
		{7EC2B333-1AA8-43A3-B853-A79E9C429273}.Release|Any CPU.Build.0 = Release|Any CPU
		{D4DA74EA-CB35-4A5E-AE64-294244E30760}.Debug|Any CPU.ActiveCfg = Debug|Any CPU
		{D4DA74EA-CB35-4A5E-AE64-294244E30760}.Debug|Any CPU.Build.0 = Debug|Any CPU
		{D4DA74EA-CB35-4A5E-AE64-294244E30760}.Release|Any CPU.ActiveCfg = Release|Any CPU
		{D4DA74EA-CB35-4A5E-AE64-294244E30760}.Release|Any CPU.Build.0 = Release|Any CPU
		{4755A2D6-1F43-49CB-A082-36CAC5773143}.Debug|Any CPU.ActiveCfg = Debug|Any CPU
		{4755A2D6-1F43-49CB-A082-36CAC5773143}.Debug|Any CPU.Build.0 = Debug|Any CPU
		{4755A2D6-1F43-49CB-A082-36CAC5773143}.Release|Any CPU.ActiveCfg = Release|Any CPU
		{4755A2D6-1F43-49CB-A082-36CAC5773143}.Release|Any CPU.Build.0 = Release|Any CPU
	EndGlobalSection
	GlobalSection(SolutionProperties) = preSolution
		HideSolutionNode = FALSE
	EndGlobalSection
	GlobalSection(ExtensibilityGlobals) = postSolution
		SolutionGuid = {399FF850-0594-4591-B787-E19B6809D504}
	EndGlobalSection
EndGlobal
